
Microsoft Visual Studio Solution File, Format Version 12.00
# Visual Studio Version 17
VisualStudioVersion = 17.6.33712.159
MinimumVisualStudioVersion = 10.0.40219.1
Project("{FAE04EC0-301F-11D3-BF4B-00C04F79EFBC}") = "BurgerProject-MVC-G4", "BurgerProject-MVC-G4\BurgerProject-MVC-G4.csproj", "{A6380F08-5CEC-44A4-BE8D-094862FDEE19}"
EndProject
Global
	GlobalSection(SolutionConfigurationPlatforms) = preSolution
		Debug|Any CPU = Debug|Any CPU
		Release|Any CPU = Release|Any CPU
	EndGlobalSection
	GlobalSection(ProjectConfigurationPlatforms) = postSolution
		{A6380F08-5CEC-44A4-BE8D-094862FDEE19}.Debug|Any CPU.ActiveCfg = Debug|Any CPU
		{A6380F08-5CEC-44A4-BE8D-094862FDEE19}.Debug|Any CPU.Build.0 = Debug|Any CPU
		{A6380F08-5CEC-44A4-BE8D-094862FDEE19}.Release|Any CPU.ActiveCfg = Release|Any CPU
		{A6380F08-5CEC-44A4-BE8D-094862FDEE19}.Release|Any CPU.Build.0 = Release|Any CPU
	EndGlobalSection
	GlobalSection(SolutionProperties) = preSolution
		HideSolutionNode = FALSE
	EndGlobalSection
	GlobalSection(ExtensibilityGlobals) = postSolution
		SolutionGuid = {CE96E988-8C79-451F-AF11-83F4ACEC7ED3}
	EndGlobalSection
EndGlobal
